// !$*UTF8*$!
{
	archiveVersion = 1;
	classes = {
	};
	objectVersion = 56;
	objects = {

/* Begin PBXBuildFile section */
		4775EBBA2A08BE3600247195 /* Note.swift in Sources */ = {isa = PBXBuildFile; fileRef = 4775EBB92A08BE3600247195 /* Note.swift */; };
		4775EBBC2A08C7FF00247195 /* DetailView.swift in Sources */ = {isa = PBXBuildFile; fileRef = 4775EBBB2A08C7FF00247195 /* DetailView.swift */; };
		4775EBBE2A08CC6100247195 /* CreditsView.swift in Sources */ = {isa = PBXBuildFile; fileRef = 4775EBBD2A08CC6100247195 /* CreditsView.swift */; };
		4775EBC12A08CCBF00247195 /* HeaderView.swift in Sources */ = {isa = PBXBuildFile; fileRef = 4775EBC02A08CCBF00247195 /* HeaderView.swift */; };
		47D61E9D2A07A3E10021A3EB /* SwiftUIAppleWatchNotes Watch App.app in Embed Watch Content */ = {isa = PBXBuildFile; fileRef = 47D61E9C2A07A3E10021A3EB /* SwiftUIAppleWatchNotes Watch App.app */; settings = {ATTRIBUTES = (RemoveHeadersOnCopy, ); }; };
		47D61EA22A07A3E10021A3EB /* SwiftUIAppleWatchNotesApp.swift in Sources */ = {isa = PBXBuildFile; fileRef = 47D61EA12A07A3E10021A3EB /* SwiftUIAppleWatchNotesApp.swift */; };
		47D61EA42A07A3E10021A3EB /* ContentView.swift in Sources */ = {isa = PBXBuildFile; fileRef = 47D61EA32A07A3E10021A3EB /* ContentView.swift */; };
		47D61EA62A07A3EA0021A3EB /* Assets.xcassets in Resources */ = {isa = PBXBuildFile; fileRef = 47D61EA52A07A3EA0021A3EB /* Assets.xcassets */; };
		47D61EA92A07A3EA0021A3EB /* Preview Assets.xcassets in Resources */ = {isa = PBXBuildFile; fileRef = 47D61EA82A07A3EA0021A3EB /* Preview Assets.xcassets */; };
/* End PBXBuildFile section */

/* Begin PBXContainerItemProxy section */
		47D61E9E2A07A3E10021A3EB /* PBXContainerItemProxy */ = {
			isa = PBXContainerItemProxy;
			containerPortal = 47D61E902A07A3E00021A3EB /* Project object */;
			proxyType = 1;
			remoteGlobalIDString = 47D61E9B2A07A3E10021A3EB;
			remoteInfo = "SwiftUIAppleWatchNotes Watch App";
		};
/* End PBXContainerItemProxy section */

/* Begin PBXCopyFilesBuildPhase section */
		47D61EAF2A07A3EA0021A3EB /* Embed Watch Content */ = {
			isa = PBXCopyFilesBuildPhase;
			buildActionMask = 2147483647;
			dstPath = "$(CONTENTS_FOLDER_PATH)/Watch";
			dstSubfolderSpec = 16;
			files = (
				47D61E9D2A07A3E10021A3EB /* SwiftUIAppleWatchNotes Watch App.app in Embed Watch Content */,
			);
			name = "Embed Watch Content";
			runOnlyForDeploymentPostprocessing = 0;
		};
/* End PBXCopyFilesBuildPhase section */

/* Begin PBXFileReference section */
		4775EBB92A08BE3600247195 /* Note.swift */ = {isa = PBXFileReference; lastKnownFileType = sourcecode.swift; path = Note.swift; sourceTree = "<group>"; };
		4775EBBB2A08C7FF00247195 /* DetailView.swift */ = {isa = PBXFileReference; lastKnownFileType = sourcecode.swift; path = DetailView.swift; sourceTree = "<group>"; };
		4775EBBD2A08CC6100247195 /* CreditsView.swift */ = {isa = PBXFileReference; lastKnownFileType = sourcecode.swift; path = CreditsView.swift; sourceTree = "<group>"; };
		4775EBC02A08CCBF00247195 /* HeaderView.swift */ = {isa = PBXFileReference; lastKnownFileType = sourcecode.swift; path = HeaderView.swift; sourceTree = "<group>"; };
		47D61E962A07A3E10021A3EB /* SwiftUIAppleWatchNotes.app */ = {isa = PBXFileReference; explicitFileType = wrapper.application; includeInIndex = 0; path = SwiftUIAppleWatchNotes.app; sourceTree = BUILT_PRODUCTS_DIR; };
		47D61E9C2A07A3E10021A3EB /* SwiftUIAppleWatchNotes Watch App.app */ = {isa = PBXFileReference; explicitFileType = wrapper.application; includeInIndex = 0; path = "SwiftUIAppleWatchNotes Watch App.app"; sourceTree = BUILT_PRODUCTS_DIR; };
		47D61EA12A07A3E10021A3EB /* SwiftUIAppleWatchNotesApp.swift */ = {isa = PBXFileReference; lastKnownFileType = sourcecode.swift; path = SwiftUIAppleWatchNotesApp.swift; sourceTree = "<group>"; };
		47D61EA32A07A3E10021A3EB /* ContentView.swift */ = {isa = PBXFileReference; lastKnownFileType = sourcecode.swift; path = ContentView.swift; sourceTree = "<group>"; };
		47D61EA52A07A3EA0021A3EB /* Assets.xcassets */ = {isa = PBXFileReference; lastKnownFileType = folder.assetcatalog; path = Assets.xcassets; sourceTree = "<group>"; };
		47D61EA82A07A3EA0021A3EB /* Preview Assets.xcassets */ = {isa = PBXFileReference; lastKnownFileType = folder.assetcatalog; path = "Preview Assets.xcassets"; sourceTree = "<group>"; };
/* End PBXFileReference section */

/* Begin PBXFrameworksBuildPhase section */
		47D61E992A07A3E10021A3EB /* Frameworks */ = {
			isa = PBXFrameworksBuildPhase;
			buildActionMask = 2147483647;
			files = (
			);
			runOnlyForDeploymentPostprocessing = 0;
		};
/* End PBXFrameworksBuildPhase section */

/* Begin PBXGroup section */
		4775EBB72A08B7D100247195 /* View */ = {
			isa = PBXGroup;
			children = (
				47D61EA32A07A3E10021A3EB /* ContentView.swift */,
				4775EBBB2A08C7FF00247195 /* DetailView.swift */,
				4775EBBD2A08CC6100247195 /* CreditsView.swift */,
			);
			path = View;
			sourceTree = "<group>";
		};
		4775EBB82A08BE1700247195 /* Model */ = {
			isa = PBXGroup;
			children = (
				4775EBB92A08BE3600247195 /* Note.swift */,
			);
			path = Model;
			sourceTree = "<group>";
		};
		4775EBBF2A08CCA700247195 /* Component */ = {
			isa = PBXGroup;
			children = (
				4775EBC02A08CCBF00247195 /* HeaderView.swift */,
			);
			path = Component;
			sourceTree = "<group>";
		};
		47D61E8F2A07A3E00021A3EB = {
			isa = PBXGroup;
			children = (
				47D61EA02A07A3E10021A3EB /* SwiftUIAppleWatchNotes Watch App */,
				47D61E972A07A3E10021A3EB /* Products */,
			);
			sourceTree = "<group>";
		};
		47D61E972A07A3E10021A3EB /* Products */ = {
			isa = PBXGroup;
			children = (
				47D61E962A07A3E10021A3EB /* SwiftUIAppleWatchNotes.app */,
				47D61E9C2A07A3E10021A3EB /* SwiftUIAppleWatchNotes Watch App.app */,
			);
			name = Products;
			sourceTree = "<group>";
		};
		47D61EA02A07A3E10021A3EB /* SwiftUIAppleWatchNotes Watch App */ = {
			isa = PBXGroup;
			children = (
				4775EBBF2A08CCA700247195 /* Component */,
				4775EBB82A08BE1700247195 /* Model */,
				47D61EA12A07A3E10021A3EB /* SwiftUIAppleWatchNotesApp.swift */,
				4775EBB72A08B7D100247195 /* View */,
				47D61EA52A07A3EA0021A3EB /* Assets.xcassets */,
				47D61EA72A07A3EA0021A3EB /* Preview Content */,
			);
			path = "SwiftUIAppleWatchNotes Watch App";
			sourceTree = "<group>";
		};
		47D61EA72A07A3EA0021A3EB /* Preview Content */ = {
			isa = PBXGroup;
			children = (
				47D61EA82A07A3EA0021A3EB /* Preview Assets.xcassets */,
			);
			path = "Preview Content";
			sourceTree = "<group>";
		};
/* End PBXGroup section */

/* Begin PBXNativeTarget section */
		47D61E952A07A3E10021A3EB /* SwiftUIAppleWatchNotes */ = {
			isa = PBXNativeTarget;
			buildConfigurationList = 47D61EB02A07A3EA0021A3EB /* Build configuration list for PBXNativeTarget "SwiftUIAppleWatchNotes" */;
			buildPhases = (
				47D61E942A07A3E10021A3EB /* Resources */,
				47D61EAF2A07A3EA0021A3EB /* Embed Watch Content */,
			);
			buildRules = (
			);
			dependencies = (
				47D61E9F2A07A3E10021A3EB /* PBXTargetDependency */,
			);
			name = SwiftUIAppleWatchNotes;
			productName = SwiftUIAppleWatchNotes;
			productReference = 47D61E962A07A3E10021A3EB /* SwiftUIAppleWatchNotes.app */;
			productType = "com.apple.product-type.application.watchapp2-container";
		};
		47D61E9B2A07A3E10021A3EB /* SwiftUIAppleWatchNotes Watch App */ = {
			isa = PBXNativeTarget;
			buildConfigurationList = 47D61EAC2A07A3EA0021A3EB /* Build configuration list for PBXNativeTarget "SwiftUIAppleWatchNotes Watch App" */;
			buildPhases = (
				47D61E982A07A3E10021A3EB /* Sources */,
				47D61E992A07A3E10021A3EB /* Frameworks */,
				47D61E9A2A07A3E10021A3EB /* Resources */,
			);
			buildRules = (
			);
			dependencies = (
			);
			name = "SwiftUIAppleWatchNotes Watch App";
			productName = "SwiftUIAppleWatchNotes Watch App";
			productReference = 47D61E9C2A07A3E10021A3EB /* SwiftUIAppleWatchNotes Watch App.app */;
			productType = "com.apple.product-type.application";
		};
/* End PBXNativeTarget section */

/* Begin PBXProject section */
		47D61E902A07A3E00021A3EB /* Project object */ = {
			isa = PBXProject;
			attributes = {
				BuildIndependentTargetsInParallel = 1;
				LastSwiftUpdateCheck = 1430;
				LastUpgradeCheck = 1430;
				TargetAttributes = {
					47D61E952A07A3E10021A3EB = {
						CreatedOnToolsVersion = 14.3;
					};
					47D61E9B2A07A3E10021A3EB = {
						CreatedOnToolsVersion = 14.3;
					};
				};
			};
			buildConfigurationList = 47D61E932A07A3E00021A3EB /* Build configuration list for PBXProject "SwiftUIAppleWatchNotes" */;
			compatibilityVersion = "Xcode 14.0";
			developmentRegion = en;
			hasScannedForEncodings = 0;
			knownRegions = (
				en,
				Base,
			);
			mainGroup = 47D61E8F2A07A3E00021A3EB;
			productRefGroup = 47D61E972A07A3E10021A3EB /* Products */;
			projectDirPath = "";
			projectRoot = "";
			targets = (
				47D61E952A07A3E10021A3EB /* SwiftUIAppleWatchNotes */,
				47D61E9B2A07A3E10021A3EB /* SwiftUIAppleWatchNotes Watch App */,
			);
		};
/* End PBXProject section */

/* Begin PBXResourcesBuildPhase section */
		47D61E942A07A3E10021A3EB /* Resources */ = {
			isa = PBXResourcesBuildPhase;
			buildActionMask = 2147483647;
			files = (
			);
			runOnlyForDeploymentPostprocessing = 0;
		};
		47D61E9A2A07A3E10021A3EB /* Resources */ = {
			isa = PBXResourcesBuildPhase;
			buildActionMask = 2147483647;
			files = (
				47D61EA92A07A3EA0021A3EB /* Preview Assets.xcassets in Resources */,
				47D61EA62A07A3EA0021A3EB /* Assets.xcassets in Resources */,
			);
			runOnlyForDeploymentPostprocessing = 0;
		};
/* End PBXResourcesBuildPhase section */

/* Begin PBXSourcesBuildPhase section */
		47D61E982A07A3E10021A3EB /* Sources */ = {
			isa = PBXSourcesBuildPhase;
			buildActionMask = 2147483647;
			files = (
				47D61EA42A07A3E10021A3EB /* ContentView.swift in Sources */,
				4775EBC12A08CCBF00247195 /* HeaderView.swift in Sources */,
				4775EBBC2A08C7FF00247195 /* DetailView.swift in Sources */,
				47D61EA22A07A3E10021A3EB /* SwiftUIAppleWatchNotesApp.swift in Sources */,
				4775EBBE2A08CC6100247195 /* CreditsView.swift in Sources */,
				4775EBBA2A08BE3600247195 /* Note.swift in Sources */,
			);
			runOnlyForDeploymentPostprocessing = 0;
		};
/* End PBXSourcesBuildPhase section */

/* Begin PBXTargetDependency section */
		47D61E9F2A07A3E10021A3EB /* PBXTargetDependency */ = {
			isa = PBXTargetDependency;
			target = 47D61E9B2A07A3E10021A3EB /* SwiftUIAppleWatchNotes Watch App */;
			targetProxy = 47D61E9E2A07A3E10021A3EB /* PBXContainerItemProxy */;
		};
/* End PBXTargetDependency section */

/* Begin XCBuildConfiguration section */
		47D61EAA2A07A3EA0021A3EB /* Debug */ = {
			isa = XCBuildConfiguration;
			buildSettings = {
				ALWAYS_SEARCH_USER_PATHS = NO;
				CLANG_ANALYZER_NONNULL = YES;
				CLANG_ANALYZER_NUMBER_OBJECT_CONVERSION = YES_AGGRESSIVE;
				CLANG_CXX_LANGUAGE_STANDARD = "gnu++20";
				CLANG_ENABLE_MODULES = YES;
				CLANG_ENABLE_OBJC_ARC = YES;
				CLANG_ENABLE_OBJC_WEAK = YES;
				CLANG_WARN_BLOCK_CAPTURE_AUTORELEASING = YES;
				CLANG_WARN_BOOL_CONVERSION = YES;
				CLANG_WARN_COMMA = YES;
				CLANG_WARN_CONSTANT_CONVERSION = YES;
				CLANG_WARN_DEPRECATED_OBJC_IMPLEMENTATIONS = YES;
				CLANG_WARN_DIRECT_OBJC_ISA_USAGE = YES_ERROR;
				CLANG_WARN_DOCUMENTATION_COMMENTS = YES;
				CLANG_WARN_EMPTY_BODY = YES;
				CLANG_WARN_ENUM_CONVERSION = YES;
				CLANG_WARN_INFINITE_RECURSION = YES;
				CLANG_WARN_INT_CONVERSION = YES;
				CLANG_WARN_NON_LITERAL_NULL_CONVERSION = YES;
				CLANG_WARN_OBJC_IMPLICIT_RETAIN_SELF = YES;
				CLANG_WARN_OBJC_LITERAL_CONVERSION = YES;
				CLANG_WARN_OBJC_ROOT_CLASS = YES_ERROR;
				CLANG_WARN_QUOTED_INCLUDE_IN_FRAMEWORK_HEADER = YES;
				CLANG_WARN_RANGE_LOOP_ANALYSIS = YES;
				CLANG_WARN_STRICT_PROTOTYPES = YES;
				CLANG_WARN_SUSPICIOUS_MOVE = YES;
				CLANG_WARN_UNGUARDED_AVAILABILITY = YES_AGGRESSIVE;
				CLANG_WARN_UNREACHABLE_CODE = YES;
				CLANG_WARN__DUPLICATE_METHOD_MATCH = YES;
				COPY_PHASE_STRIP = NO;
				DEBUG_INFORMATION_FORMAT = dwarf;
				ENABLE_STRICT_OBJC_MSGSEND = YES;
				ENABLE_TESTABILITY = YES;
				GCC_C_LANGUAGE_STANDARD = gnu11;
				GCC_DYNAMIC_NO_PIC = NO;
				GCC_NO_COMMON_BLOCKS = YES;
				GCC_OPTIMIZATION_LEVEL = 0;
				GCC_PREPROCESSOR_DEFINITIONS = (
					"DEBUG=1",
					"$(inherited)",
				);
				GCC_WARN_64_TO_32_BIT_CONVERSION = YES;
				GCC_WARN_ABOUT_RETURN_TYPE = YES_ERROR;
				GCC_WARN_UNDECLARED_SELECTOR = YES;
				GCC_WARN_UNINITIALIZED_AUTOS = YES_AGGRESSIVE;
				GCC_WARN_UNUSED_FUNCTION = YES;
				GCC_WARN_UNUSED_VARIABLE = YES;
				MTL_ENABLE_DEBUG_INFO = INCLUDE_SOURCE;
				MTL_FAST_MATH = YES;
				ONLY_ACTIVE_ARCH = YES;
				SWIFT_ACTIVE_COMPILATION_CONDITIONS = DEBUG;
				SWIFT_OPTIMIZATION_LEVEL = "-Onone";
			};
			name = Debug;
		};
		47D61EAB2A07A3EA0021A3EB /* Release */ = {
			isa = XCBuildConfiguration;
			buildSettings = {
				ALWAYS_SEARCH_USER_PATHS = NO;
				CLANG_ANALYZER_NONNULL = YES;
				CLANG_ANALYZER_NUMBER_OBJECT_CONVERSION = YES_AGGRESSIVE;
				CLANG_CXX_LANGUAGE_STANDARD = "gnu++20";
				CLANG_ENABLE_MODULES = YES;
				CLANG_ENABLE_OBJC_ARC = YES;
				CLANG_ENABLE_OBJC_WEAK = YES;
				CLANG_WARN_BLOCK_CAPTURE_AUTORELEASING = YES;
				CLANG_WARN_BOOL_CONVERSION = YES;
				CLANG_WARN_COMMA = YES;
				CLANG_WARN_CONSTANT_CONVERSION = YES;
				CLANG_WARN_DEPRECATED_OBJC_IMPLEMENTATIONS = YES;
				CLANG_WARN_DIRECT_OBJC_ISA_USAGE = YES_ERROR;
				CLANG_WARN_DOCUMENTATION_COMMENTS = YES;
				CLANG_WARN_EMPTY_BODY = YES;
				CLANG_WARN_ENUM_CONVERSION = YES;
				CLANG_WARN_INFINITE_RECURSION = YES;
				CLANG_WARN_INT_CONVERSION = YES;
				CLANG_WARN_NON_LITERAL_NULL_CONVERSION = YES;
				CLANG_WARN_OBJC_IMPLICIT_RETAIN_SELF = YES;
				CLANG_WARN_OBJC_LITERAL_CONVERSION = YES;
				CLANG_WARN_OBJC_ROOT_CLASS = YES_ERROR;
				CLANG_WARN_QUOTED_INCLUDE_IN_FRAMEWORK_HEADER = YES;
				CLANG_WARN_RANGE_LOOP_ANALYSIS = YES;
				CLANG_WARN_STRICT_PROTOTYPES = YES;
				CLANG_WARN_SUSPICIOUS_MOVE = YES;
				CLANG_WARN_UNGUARDED_AVAILABILITY = YES_AGGRESSIVE;
				CLANG_WARN_UNREACHABLE_CODE = YES;
				CLANG_WARN__DUPLICATE_METHOD_MATCH = YES;
				COPY_PHASE_STRIP = NO;
				DEBUG_INFORMATION_FORMAT = "dwarf-with-dsym";
				ENABLE_NS_ASSERTIONS = NO;
				ENABLE_STRICT_OBJC_MSGSEND = YES;
				GCC_C_LANGUAGE_STANDARD = gnu11;
				GCC_NO_COMMON_BLOCKS = YES;
				GCC_WARN_64_TO_32_BIT_CONVERSION = YES;
				GCC_WARN_ABOUT_RETURN_TYPE = YES_ERROR;
				GCC_WARN_UNDECLARED_SELECTOR = YES;
				GCC_WARN_UNINITIALIZED_AUTOS = YES_AGGRESSIVE;
				GCC_WARN_UNUSED_FUNCTION = YES;
				GCC_WARN_UNUSED_VARIABLE = YES;
				MTL_ENABLE_DEBUG_INFO = NO;
				MTL_FAST_MATH = YES;
				SWIFT_COMPILATION_MODE = wholemodule;
				SWIFT_OPTIMIZATION_LEVEL = "-O";
			};
			name = Release;
		};
		47D61EAD2A07A3EA0021A3EB /* Debug */ = {
			isa = XCBuildConfiguration;
			buildSettings = {
				ASSETCATALOG_COMPILER_APPICON_NAME = AppIcon;
				ASSETCATALOG_COMPILER_GLOBAL_ACCENT_COLOR_NAME = AccentColor;
				CODE_SIGN_STYLE = Automatic;
				CURRENT_PROJECT_VERSION = 1;
				DEVELOPMENT_ASSET_PATHS = "\"SwiftUIAppleWatchNotes Watch App/Preview Content\"";
				DEVELOPMENT_TEAM = 4GS9DYRR67;
				ENABLE_PREVIEWS = YES;
				GENERATE_INFOPLIST_FILE = YES;
				INFOPLIST_KEY_CFBundleDisplayName = SwiftUIAppleWatchNotes;
				INFOPLIST_KEY_UISupportedInterfaceOrientations = "UIInterfaceOrientationPortrait UIInterfaceOrientationPortraitUpsideDown";
				INFOPLIST_KEY_WKWatchOnly = YES;
				LD_RUNPATH_SEARCH_PATHS = (
					"$(inherited)",
					"@executable_path/Frameworks",
				);
				MARKETING_VERSION = 1.0;
				PRODUCT_BUNDLE_IDENTIFIER = com.superglowww.SwiftUIAppleWatchNotes.watchkitapp;
				PRODUCT_NAME = "$(TARGET_NAME)";
				SDKROOT = watchos;
				SKIP_INSTALL = YES;
				SWIFT_EMIT_LOC_STRINGS = YES;
				SWIFT_VERSION = 5.0;
				TARGETED_DEVICE_FAMILY = 4;
				WATCHOS_DEPLOYMENT_TARGET = 9.4;
			};
			name = Debug;
		};
		47D61EAE2A07A3EA0021A3EB /* Release */ = {
			isa = XCBuildConfiguration;
			buildSettings = {
				ASSETCATALOG_COMPILER_APPICON_NAME = AppIcon;
				ASSETCATALOG_COMPILER_GLOBAL_ACCENT_COLOR_NAME = AccentColor;
				CODE_SIGN_STYLE = Automatic;
				CURRENT_PROJECT_VERSION = 1;
				DEVELOPMENT_ASSET_PATHS = "\"SwiftUIAppleWatchNotes Watch App/Preview Content\"";
				DEVELOPMENT_TEAM = 4GS9DYRR67;
				ENABLE_PREVIEWS = YES;
				GENERATE_INFOPLIST_FILE = YES;
				INFOPLIST_KEY_CFBundleDisplayName = SwiftUIAppleWatchNotes;
				INFOPLIST_KEY_UISupportedInterfaceOrientations = "UIInterfaceOrientationPortrait UIInterfaceOrientationPortraitUpsideDown";
				INFOPLIST_KEY_WKWatchOnly = YES;
				LD_RUNPATH_SEARCH_PATHS = (
					"$(inherited)",
					"@executable_path/Frameworks",
				);
				MARKETING_VERSION = 1.0;
				PRODUCT_BUNDLE_IDENTIFIER = com.superglowww.SwiftUIAppleWatchNotes.watchkitapp;
				PRODUCT_NAME = "$(TARGET_NAME)";
				SDKROOT = watchos;
				SKIP_INSTALL = YES;
				SWIFT_EMIT_LOC_STRINGS = YES;
				SWIFT_VERSION = 5.0;
				TARGETED_DEVICE_FAMILY = 4;
				VALIDATE_PRODUCT = YES;
				WATCHOS_DEPLOYMENT_TARGET = 9.4;
			};
			name = Release;
		};
		47D61EB12A07A3EA0021A3EB /* Debug */ = {
			isa = XCBuildConfiguration;
			buildSettings = {
				ALWAYS_EMBED_SWIFT_STANDARD_LIBRARIES = YES;
				CODE_SIGN_STYLE = Automatic;
				CURRENT_PROJECT_VERSION = 1;
				DEVELOPMENT_TEAM = 4GS9DYRR67;
				INFOPLIST_KEY_CFBundleDisplayName = SwiftUIAppleWatchNotes;
				MARKETING_VERSION = 1.0;
				PRODUCT_BUNDLE_IDENTIFIER = com.superglowww.SwiftUIAppleWatchNotes;
				PRODUCT_NAME = "$(TARGET_NAME)";
				SDKROOT = iphoneos;
				SWIFT_VERSION = 5.0;
			};
			name = Debug;
		};
		47D61EB22A07A3EA0021A3EB /* Release */ = {
			isa = XCBuildConfiguration;
			buildSettings = {
				ALWAYS_EMBED_SWIFT_STANDARD_LIBRARIES = YES;
				CODE_SIGN_STYLE = Automatic;
				CURRENT_PROJECT_VERSION = 1;
				DEVELOPMENT_TEAM = 4GS9DYRR67;
				INFOPLIST_KEY_CFBundleDisplayName = SwiftUIAppleWatchNotes;
				MARKETING_VERSION = 1.0;
				PRODUCT_BUNDLE_IDENTIFIER = com.superglowww.SwiftUIAppleWatchNotes;
				PRODUCT_NAME = "$(TARGET_NAME)";
				SDKROOT = iphoneos;
				SWIFT_VERSION = 5.0;
				VALIDATE_PRODUCT = YES;
			};
			name = Release;
		};
/* End XCBuildConfiguration section */

/* Begin XCConfigurationList section */
		47D61E932A07A3E00021A3EB /* Build configuration list for PBXProject "SwiftUIAppleWatchNotes" */ = {
			isa = XCConfigurationList;
			buildConfigurations = (
				47D61EAA2A07A3EA0021A3EB /* Debug */,
				47D61EAB2A07A3EA0021A3EB /* Release */,
			);
			defaultConfigurationIsVisible = 0;
			defaultConfigurationName = Release;
		};
		47D61EAC2A07A3EA0021A3EB /* Build configuration list for PBXNativeTarget "SwiftUIAppleWatchNotes Watch App" */ = {
			isa = XCConfigurationList;
			buildConfigurations = (
				47D61EAD2A07A3EA0021A3EB /* Debug */,
				47D61EAE2A07A3EA0021A3EB /* Release */,
			);
			defaultConfigurationIsVisible = 0;
			defaultConfigurationName = Release;
		};
		47D61EB02A07A3EA0021A3EB /* Build configuration list for PBXNativeTarget "SwiftUIAppleWatchNotes" */ = {
			isa = XCConfigurationList;
			buildConfigurations = (
				47D61EB12A07A3EA0021A3EB /* Debug */,
				47D61EB22A07A3EA0021A3EB /* Release */,
			);
			defaultConfigurationIsVisible = 0;
			defaultConfigurationName = Release;
		};
/* End XCConfigurationList section */
	};
	rootObject = 47D61E902A07A3E00021A3EB /* Project object */;
}
